
Microsoft Visual Studio Solution File, Format Version 12.00
# Visual Studio Version 16
VisualStudioVersion = 16.0.30717.126
MinimumVisualStudioVersion = 10.0.40219.1
Project("{FAE04EC0-301F-11D3-BF4B-00C04F79EFBC}") = "2SEngineSimulator", "2SEngineSimulator\2SEngineSimulator.csproj", "{54E750B7-3DA1-4A6B-845E-D361436F447A}"
EndProject
Global
	GlobalSection(SolutionConfigurationPlatforms) = preSolution
		Debug|Any CPU = Debug|Any CPU
		Release|Any CPU = Release|Any CPU
	EndGlobalSection
	GlobalSection(ProjectConfigurationPlatforms) = postSolution
		{54E750B7-3DA1-4A6B-845E-D361436F447A}.Debug|Any CPU.ActiveCfg = Debug|Any CPU
		{54E750B7-3DA1-4A6B-845E-D361436F447A}.Debug|Any CPU.Build.0 = Debug|Any CPU
		{54E750B7-3DA1-4A6B-845E-D361436F447A}.Release|Any CPU.ActiveCfg = Release|Any CPU
		{54E750B7-3DA1-4A6B-845E-D361436F447A}.Release|Any CPU.Build.0 = Release|Any CPU
	EndGlobalSection
	GlobalSection(SolutionProperties) = preSolution
		HideSolutionNode = FALSE
	EndGlobalSection
	GlobalSection(ExtensibilityGlobals) = postSolution
		SolutionGuid = {00769EAA-8A7F-4667-A3DF-7447D1724A3B}
	EndGlobalSection
EndGlobal
